// !$*UTF8*$!
{
	archiveVersion = 1;
	classes = {
	};
	objectVersion = 56;
	objects = {

/* Begin PBXBuildFile section */
		ECD6BD472B909F7000B3A22C /* AppDelegate.swift in Sources */ = {isa = PBXBuildFile; fileRef = ECD6BD462B909F7000B3A22C /* AppDelegate.swift */; };
		ECD6BD492B909F7000B3A22C /* SceneDelegate.swift in Sources */ = {isa = PBXBuildFile; fileRef = ECD6BD482B909F7000B3A22C /* SceneDelegate.swift */; };
		ECD6BD4B2B909F7000B3A22C /* ViewController.swift in Sources */ = {isa = PBXBuildFile; fileRef = ECD6BD4A2B909F7000B3A22C /* ViewController.swift */; };
		ECD6BD4E2B909F7000B3A22C /* Main.storyboard in Resources */ = {isa = PBXBuildFile; fileRef = ECD6BD4C2B909F7000B3A22C /* Main.storyboard */; };
		ECD6BD502B909F7100B3A22C /* Assets.xcassets in Resources */ = {isa = PBXBuildFile; fileRef = ECD6BD4F2B909F7100B3A22C /* Assets.xcassets */; };
		ECD6BD532B909F7100B3A22C /* LaunchScreen.storyboard in Resources */ = {isa = PBXBuildFile; fileRef = ECD6BD512B909F7100B3A22C /* LaunchScreen.storyboard */; };
		ECD6BD5E2B909F7200B3A22C /* CounterTests.swift in Sources */ = {isa = PBXBuildFile; fileRef = ECD6BD5D2B909F7200B3A22C /* CounterTests.swift */; };
		ECD6BD682B909F7200B3A22C /* CounterUITests.swift in Sources */ = {isa = PBXBuildFile; fileRef = ECD6BD672B909F7200B3A22C /* CounterUITests.swift */; };
		ECD6BD6A2B909F7200B3A22C /* CounterUITestsLaunchTests.swift in Sources */ = {isa = PBXBuildFile; fileRef = ECD6BD692B909F7200B3A22C /* CounterUITestsLaunchTests.swift */; };
/* End PBXBuildFile section */

/* Begin PBXContainerItemProxy section */
		ECD6BD5A2B909F7200B3A22C /* PBXContainerItemProxy */ = {
			isa = PBXContainerItemProxy;
			containerPortal = ECD6BD3B2B909F7000B3A22C /* Project object */;
			proxyType = 1;
			remoteGlobalIDString = ECD6BD422B909F7000B3A22C;
			remoteInfo = Counter;
		};
		ECD6BD642B909F7200B3A22C /* PBXContainerItemProxy */ = {
			isa = PBXContainerItemProxy;
			containerPortal = ECD6BD3B2B909F7000B3A22C /* Project object */;
			proxyType = 1;
			remoteGlobalIDString = ECD6BD422B909F7000B3A22C;
			remoteInfo = Counter;
		};
/* End PBXContainerItemProxy section */

/* Begin PBXFileReference section */
		ECD6BD432B909F7000B3A22C /* Counter.app */ = {isa = PBXFileReference; explicitFileType = wrapper.application; includeInIndex = 0; path = Counter.app; sourceTree = BUILT_PRODUCTS_DIR; };
		ECD6BD462B909F7000B3A22C /* AppDelegate.swift */ = {isa = PBXFileReference; lastKnownFileType = sourcecode.swift; path = AppDelegate.swift; sourceTree = "<group>"; };
		ECD6BD482B909F7000B3A22C /* SceneDelegate.swift */ = {isa = PBXFileReference; lastKnownFileType = sourcecode.swift; path = SceneDelegate.swift; sourceTree = "<group>"; };
		ECD6BD4A2B909F7000B3A22C /* ViewController.swift */ = {isa = PBXFileReference; lastKnownFileType = sourcecode.swift; path = ViewController.swift; sourceTree = "<group>"; };
		ECD6BD4D2B909F7000B3A22C /* Base */ = {isa = PBXFileReference; lastKnownFileType = file.storyboard; name = Base; path = Base.lproj/Main.storyboard; sourceTree = "<group>"; };
		ECD6BD4F2B909F7100B3A22C /* Assets.xcassets */ = {isa = PBXFileReference; lastKnownFileType = folder.assetcatalog; path = Assets.xcassets; sourceTree = "<group>"; };
		ECD6BD522B909F7100B3A22C /* Base */ = {isa = PBXFileReference; lastKnownFileType = file.storyboard; name = Base; path = Base.lproj/LaunchScreen.storyboard; sourceTree = "<group>"; };
		ECD6BD542B909F7100B3A22C /* Info.plist */ = {isa = PBXFileReference; lastKnownFileType = text.plist.xml; path = Info.plist; sourceTree = "<group>"; };
		ECD6BD592B909F7200B3A22C /* CounterTests.xctest */ = {isa = PBXFileReference; explicitFileType = wrapper.cfbundle; includeInIndex = 0; path = CounterTests.xctest; sourceTree = BUILT_PRODUCTS_DIR; };
		ECD6BD5D2B909F7200B3A22C /* CounterTests.swift */ = {isa = PBXFileReference; lastKnownFileType = sourcecode.swift; path = CounterTests.swift; sourceTree = "<group>"; };
		ECD6BD632B909F7200B3A22C /* CounterUITests.xctest */ = {isa = PBXFileReference; explicitFileType = wrapper.cfbundle; includeInIndex = 0; path = CounterUITests.xctest; sourceTree = BUILT_PRODUCTS_DIR; };
		ECD6BD672B909F7200B3A22C /* CounterUITests.swift */ = {isa = PBXFileReference; lastKnownFileType = sourcecode.swift; path = CounterUITests.swift; sourceTree = "<group>"; };
		ECD6BD692B909F7200B3A22C /* CounterUITestsLaunchTests.swift */ = {isa = PBXFileReference; lastKnownFileType = sourcecode.swift; path = CounterUITestsLaunchTests.swift; sourceTree = "<group>"; };
/* End PBXFileReference section */

/* Begin PBXFrameworksBuildPhase section */
		ECD6BD402B909F7000B3A22C /* Frameworks */ = {
			isa = PBXFrameworksBuildPhase;
			buildActionMask = 2147483647;
			files = (
			);
			runOnlyForDeploymentPostprocessing = 0;
		};
		ECD6BD562B909F7200B3A22C /* Frameworks */ = {
			isa = PBXFrameworksBuildPhase;
			buildActionMask = 2147483647;
			files = (
			);
			runOnlyForDeploymentPostprocessing = 0;
		};
		ECD6BD602B909F7200B3A22C /* Frameworks */ = {
			isa = PBXFrameworksBuildPhase;
			buildActionMask = 2147483647;
			files = (
			);
			runOnlyForDeploymentPostprocessing = 0;
		};
/* End PBXFrameworksBuildPhase section */

/* Begin PBXGroup section */
		ECD6BD3A2B909F7000B3A22C = {
			isa = PBXGroup;
			children = (
				ECD6BD452B909F7000B3A22C /* Counter */,
				ECD6BD5C2B909F7200B3A22C /* CounterTests */,
				ECD6BD662B909F7200B3A22C /* CounterUITests */,
				ECD6BD442B909F7000B3A22C /* Products */,
			);
			sourceTree = "<group>";
		};
		ECD6BD442B909F7000B3A22C /* Products */ = {
			isa = PBXGroup;
			children = (
				ECD6BD432B909F7000B3A22C /* Counter.app */,
				ECD6BD592B909F7200B3A22C /* CounterTests.xctest */,
				ECD6BD632B909F7200B3A22C /* CounterUITests.xctest */,
			);
			name = Products;
			sourceTree = "<group>";
		};
		ECD6BD452B909F7000B3A22C /* Counter */ = {
			isa = PBXGroup;
			children = (
				ECD6BD462B909F7000B3A22C /* AppDelegate.swift */,
				ECD6BD482B909F7000B3A22C /* SceneDelegate.swift */,
				ECD6BD4A2B909F7000B3A22C /* ViewController.swift */,
				ECD6BD4C2B909F7000B3A22C /* Main.storyboard */,
				ECD6BD4F2B909F7100B3A22C /* Assets.xcassets */,
				ECD6BD512B909F7100B3A22C /* LaunchScreen.storyboard */,
				ECD6BD542B909F7100B3A22C /* Info.plist */,
			);
			path = Counter;
			sourceTree = "<group>";
		};
		ECD6BD5C2B909F7200B3A22C /* CounterTests */ = {
			isa = PBXGroup;
			children = (
				ECD6BD5D2B909F7200B3A22C /* CounterTests.swift */,
			);
			path = CounterTests;
			sourceTree = "<group>";
		};
		ECD6BD662B909F7200B3A22C /* CounterUITests */ = {
			isa = PBXGroup;
			children = (
				ECD6BD672B909F7200B3A22C /* CounterUITests.swift */,
				ECD6BD692B909F7200B3A22C /* CounterUITestsLaunchTests.swift */,
			);
			path = CounterUITests;
			sourceTree = "<group>";
		};
/* End PBXGroup section */

/* Begin PBXNativeTarget section */
		ECD6BD422B909F7000B3A22C /* Counter */ = {
			isa = PBXNativeTarget;
			buildConfigurationList = ECD6BD6D2B909F7200B3A22C /* Build configuration list for PBXNativeTarget "Counter" */;
			buildPhases = (
				ECD6BD3F2B909F7000B3A22C /* Sources */,
				ECD6BD402B909F7000B3A22C /* Frameworks */,
				ECD6BD412B909F7000B3A22C /* Resources */,
			);
			buildRules = (
			);
			dependencies = (
			);
			name = Counter;
			productName = Counter;
			productReference = ECD6BD432B909F7000B3A22C /* Counter.app */;
			productType = "com.apple.product-type.application";
		};
		ECD6BD582B909F7200B3A22C /* CounterTests */ = {
			isa = PBXNativeTarget;
			buildConfigurationList = ECD6BD702B909F7200B3A22C /* Build configuration list for PBXNativeTarget "CounterTests" */;
			buildPhases = (
				ECD6BD552B909F7200B3A22C /* Sources */,
				ECD6BD562B909F7200B3A22C /* Frameworks */,
				ECD6BD572B909F7200B3A22C /* Resources */,
			);
			buildRules = (
			);
			dependencies = (
				ECD6BD5B2B909F7200B3A22C /* PBXTargetDependency */,
			);
			name = CounterTests;
			productName = CounterTests;
			productReference = ECD6BD592B909F7200B3A22C /* CounterTests.xctest */;
			productType = "com.apple.product-type.bundle.unit-test";
		};
		ECD6BD622B909F7200B3A22C /* CounterUITests */ = {
			isa = PBXNativeTarget;
			buildConfigurationList = ECD6BD732B909F7200B3A22C /* Build configuration list for PBXNativeTarget "CounterUITests" */;
			buildPhases = (
				ECD6BD5F2B909F7200B3A22C /* Sources */,
				ECD6BD602B909F7200B3A22C /* Frameworks */,
				ECD6BD612B909F7200B3A22C /* Resources */,
			);
			buildRules = (
			);
			dependencies = (
				ECD6BD652B909F7200B3A22C /* PBXTargetDependency */,
			);
			name = CounterUITests;
			productName = CounterUITests;
			productReference = ECD6BD632B909F7200B3A22C /* CounterUITests.xctest */;
			productType = "com.apple.product-type.bundle.ui-testing";
		};
/* End PBXNativeTarget section */

/* Begin PBXProject section */
		ECD6BD3B2B909F7000B3A22C /* Project object */ = {
			isa = PBXProject;
			attributes = {
				BuildIndependentTargetsInParallel = 1;
				LastSwiftUpdateCheck = 1500;
				LastUpgradeCheck = 1500;
				TargetAttributes = {
					ECD6BD422B909F7000B3A22C = {
						CreatedOnToolsVersion = 15.0.1;
					};
					ECD6BD582B909F7200B3A22C = {
						CreatedOnToolsVersion = 15.0.1;
						TestTargetID = ECD6BD422B909F7000B3A22C;
					};
					ECD6BD622B909F7200B3A22C = {
						CreatedOnToolsVersion = 15.0.1;
						TestTargetID = ECD6BD422B909F7000B3A22C;
					};
				};
			};
			buildConfigurationList = ECD6BD3E2B909F7000B3A22C /* Build configuration list for PBXProject "Counter" */;
			compatibilityVersion = "Xcode 14.0";
			developmentRegion = en;
			hasScannedForEncodings = 0;
			knownRegions = (
				en,
				Base,
			);
			mainGroup = ECD6BD3A2B909F7000B3A22C;
			productRefGroup = ECD6BD442B909F7000B3A22C /* Products */;
			projectDirPath = "";
			projectRoot = "";
			targets = (
				ECD6BD422B909F7000B3A22C /* Counter */,
				ECD6BD582B909F7200B3A22C /* CounterTests */,
				ECD6BD622B909F7200B3A22C /* CounterUITests */,
			);
		};
/* End PBXProject section */

/* Begin PBXResourcesBuildPhase section */
		ECD6BD412B909F7000B3A22C /* Resources */ = {
			isa = PBXResourcesBuildPhase;
			buildActionMask = 2147483647;
			files = (
				ECD6BD532B909F7100B3A22C /* LaunchScreen.storyboard in Resources */,
				ECD6BD502B909F7100B3A22C /* Assets.xcassets in Resources */,
				ECD6BD4E2B909F7000B3A22C /* Main.storyboard in Resources */,
			);
			runOnlyForDeploymentPostprocessing = 0;
		};
		ECD6BD572B909F7200B3A22C /* Resources */ = {
			isa = PBXResourcesBuildPhase;
			buildActionMask = 2147483647;
			files = (
			);
			runOnlyForDeploymentPostprocessing = 0;
		};
		ECD6BD612B909F7200B3A22C /* Resources */ = {
			isa = PBXResourcesBuildPhase;
			buildActionMask = 2147483647;
			files = (
			);
			runOnlyForDeploymentPostprocessing = 0;
		};
/* End PBXResourcesBuildPhase section */

/* Begin PBXSourcesBuildPhase section */
		ECD6BD3F2B909F7000B3A22C /* Sources */ = {
			isa = PBXSourcesBuildPhase;
			buildActionMask = 2147483647;
			files = (
				ECD6BD4B2B909F7000B3A22C /* ViewController.swift in Sources */,
				ECD6BD472B909F7000B3A22C /* AppDelegate.swift in Sources */,
				ECD6BD492B909F7000B3A22C /* SceneDelegate.swift in Sources */,
			);
			runOnlyForDeploymentPostprocessing = 0;
		};
		ECD6BD552B909F7200B3A22C /* Sources */ = {
			isa = PBXSourcesBuildPhase;
			buildActionMask = 2147483647;
			files = (
				ECD6BD5E2B909F7200B3A22C /* CounterTests.swift in Sources */,
			);
			runOnlyForDeploymentPostprocessing = 0;
		};
		ECD6BD5F2B909F7200B3A22C /* Sources */ = {
			isa = PBXSourcesBuildPhase;
			buildActionMask = 2147483647;
			files = (
				ECD6BD682B909F7200B3A22C /* CounterUITests.swift in Sources */,
				ECD6BD6A2B909F7200B3A22C /* CounterUITestsLaunchTests.swift in Sources */,
			);
			runOnlyForDeploymentPostprocessing = 0;
		};
/* End PBXSourcesBuildPhase section */

/* Begin PBXTargetDependency section */
		ECD6BD5B2B909F7200B3A22C /* PBXTargetDependency */ = {
			isa = PBXTargetDependency;
			target = ECD6BD422B909F7000B3A22C /* Counter */;
			targetProxy = ECD6BD5A2B909F7200B3A22C /* PBXContainerItemProxy */;
		};
		ECD6BD652B909F7200B3A22C /* PBXTargetDependency */ = {
			isa = PBXTargetDependency;
			target = ECD6BD422B909F7000B3A22C /* Counter */;
			targetProxy = ECD6BD642B909F7200B3A22C /* PBXContainerItemProxy */;
		};
/* End PBXTargetDependency section */

/* Begin PBXVariantGroup section */
		ECD6BD4C2B909F7000B3A22C /* Main.storyboard */ = {
			isa = PBXVariantGroup;
			children = (
				ECD6BD4D2B909F7000B3A22C /* Base */,
			);
			name = Main.storyboard;
			sourceTree = "<group>";
		};
		ECD6BD512B909F7100B3A22C /* LaunchScreen.storyboard */ = {
			isa = PBXVariantGroup;
			children = (
				ECD6BD522B909F7100B3A22C /* Base */,
			);
			name = LaunchScreen.storyboard;
			sourceTree = "<group>";
		};
/* End PBXVariantGroup section */

/* Begin XCBuildConfiguration section */
		ECD6BD6B2B909F7200B3A22C /* Debug */ = {
			isa = XCBuildConfiguration;
			buildSettings = {
				ALWAYS_SEARCH_USER_PATHS = NO;
				ASSETCATALOG_COMPILER_GENERATE_SWIFT_ASSET_SYMBOL_EXTENSIONS = YES;
				CLANG_ANALYZER_NONNULL = YES;
				CLANG_ANALYZER_NUMBER_OBJECT_CONVERSION = YES_AGGRESSIVE;
				CLANG_CXX_LANGUAGE_STANDARD = "gnu++20";
				CLANG_ENABLE_MODULES = YES;
				CLANG_ENABLE_OBJC_ARC = YES;
				CLANG_ENABLE_OBJC_WEAK = YES;
				CLANG_WARN_BLOCK_CAPTURE_AUTORELEASING = YES;
				CLANG_WARN_BOOL_CONVERSION = YES;
				CLANG_WARN_COMMA = YES;
				CLANG_WARN_CONSTANT_CONVERSION = YES;
				CLANG_WARN_DEPRECATED_OBJC_IMPLEMENTATIONS = YES;
				CLANG_WARN_DIRECT_OBJC_ISA_USAGE = YES_ERROR;
				CLANG_WARN_DOCUMENTATION_COMMENTS = YES;
				CLANG_WARN_EMPTY_BODY = YES;
				CLANG_WARN_ENUM_CONVERSION = YES;
				CLANG_WARN_INFINITE_RECURSION = YES;
				CLANG_WARN_INT_CONVERSION = YES;
				CLANG_WARN_NON_LITERAL_NULL_CONVERSION = YES;
				CLANG_WARN_OBJC_IMPLICIT_RETAIN_SELF = YES;
				CLANG_WARN_OBJC_LITERAL_CONVERSION = YES;
				CLANG_WARN_OBJC_ROOT_CLASS = YES_ERROR;
				CLANG_WARN_QUOTED_INCLUDE_IN_FRAMEWORK_HEADER = YES;
				CLANG_WARN_RANGE_LOOP_ANALYSIS = YES;
				CLANG_WARN_STRICT_PROTOTYPES = YES;
				CLANG_WARN_SUSPICIOUS_MOVE = YES;
				CLANG_WARN_UNGUARDED_AVAILABILITY = YES_AGGRESSIVE;
				CLANG_WARN_UNREACHABLE_CODE = YES;
				CLANG_WARN__DUPLICATE_METHOD_MATCH = YES;
				COPY_PHASE_STRIP = NO;
				DEBUG_INFORMATION_FORMAT = dwarf;
				ENABLE_STRICT_OBJC_MSGSEND = YES;
				ENABLE_TESTABILITY = YES;
				ENABLE_USER_SCRIPT_SANDBOXING = YES;
				GCC_C_LANGUAGE_STANDARD = gnu17;
				GCC_DYNAMIC_NO_PIC = NO;
				GCC_NO_COMMON_BLOCKS = YES;
				GCC_OPTIMIZATION_LEVEL = 0;
				GCC_PREPROCESSOR_DEFINITIONS = (
					"DEBUG=1",
					"$(inherited)",
				);
				GCC_WARN_64_TO_32_BIT_CONVERSION = YES;
				GCC_WARN_ABOUT_RETURN_TYPE = YES_ERROR;
				GCC_WARN_UNDECLARED_SELECTOR = YES;
				GCC_WARN_UNINITIALIZED_AUTOS = YES_AGGRESSIVE;
				GCC_WARN_UNUSED_FUNCTION = YES;
				GCC_WARN_UNUSED_VARIABLE = YES;
				IPHONEOS_DEPLOYMENT_TARGET = 17.0;
				LOCALIZATION_PREFERS_STRING_CATALOGS = YES;
				MTL_ENABLE_DEBUG_INFO = INCLUDE_SOURCE;
				MTL_FAST_MATH = YES;
				ONLY_ACTIVE_ARCH = YES;
				SDKROOT = iphoneos;
				SWIFT_ACTIVE_COMPILATION_CONDITIONS = "DEBUG $(inherited)";
				SWIFT_OPTIMIZATION_LEVEL = "-Onone";
			};
			name = Debug;
		};
		ECD6BD6C2B909F7200B3A22C /* Release */ = {
			isa = XCBuildConfiguration;
			buildSettings = {
				ALWAYS_SEARCH_USER_PATHS = NO;
				ASSETCATALOG_COMPILER_GENERATE_SWIFT_ASSET_SYMBOL_EXTENSIONS = YES;
				CLANG_ANALYZER_NONNULL = YES;
				CLANG_ANALYZER_NUMBER_OBJECT_CONVERSION = YES_AGGRESSIVE;
				CLANG_CXX_LANGUAGE_STANDARD = "gnu++20";
				CLANG_ENABLE_MODULES = YES;
				CLANG_ENABLE_OBJC_ARC = YES;
				CLANG_ENABLE_OBJC_WEAK = YES;
				CLANG_WARN_BLOCK_CAPTURE_AUTORELEASING = YES;
				CLANG_WARN_BOOL_CONVERSION = YES;
				CLANG_WARN_COMMA = YES;
				CLANG_WARN_CONSTANT_CONVERSION = YES;
				CLANG_WARN_DEPRECATED_OBJC_IMPLEMENTATIONS = YES;
				CLANG_WARN_DIRECT_OBJC_ISA_USAGE = YES_ERROR;
				CLANG_WARN_DOCUMENTATION_COMMENTS = YES;
				CLANG_WARN_EMPTY_BODY = YES;
				CLANG_WARN_ENUM_CONVERSION = YES;
				CLANG_WARN_INFINITE_RECURSION = YES;
				CLANG_WARN_INT_CONVERSION = YES;
				CLANG_WARN_NON_LITERAL_NULL_CONVERSION = YES;
				CLANG_WARN_OBJC_IMPLICIT_RETAIN_SELF = YES;
				CLANG_WARN_OBJC_LITERAL_CONVERSION = YES;
				CLANG_WARN_OBJC_ROOT_CLASS = YES_ERROR;
				CLANG_WARN_QUOTED_INCLUDE_IN_FRAMEWORK_HEADER = YES;
				CLANG_WARN_RANGE_LOOP_ANALYSIS = YES;
				CLANG_WARN_STRICT_PROTOTYPES = YES;
				CLANG_WARN_SUSPICIOUS_MOVE = YES;
				CLANG_WARN_UNGUARDED_AVAILABILITY = YES_AGGRESSIVE;
				CLANG_WARN_UNREACHABLE_CODE = YES;
				CLANG_WARN__DUPLICATE_METHOD_MATCH = YES;
				COPY_PHASE_STRIP = NO;
				DEBUG_INFORMATION_FORMAT = "dwarf-with-dsym";
				ENABLE_NS_ASSERTIONS = NO;
				ENABLE_STRICT_OBJC_MSGSEND = YES;
				ENABLE_USER_SCRIPT_SANDBOXING = YES;
				GCC_C_LANGUAGE_STANDARD = gnu17;
				GCC_NO_COMMON_BLOCKS = YES;
				GCC_WARN_64_TO_32_BIT_CONVERSION = YES;
				GCC_WARN_ABOUT_RETURN_TYPE = YES_ERROR;
				GCC_WARN_UNDECLARED_SELECTOR = YES;
				GCC_WARN_UNINITIALIZED_AUTOS = YES_AGGRESSIVE;
				GCC_WARN_UNUSED_FUNCTION = YES;
				GCC_WARN_UNUSED_VARIABLE = YES;
				IPHONEOS_DEPLOYMENT_TARGET = 17.0;
				LOCALIZATION_PREFERS_STRING_CATALOGS = YES;
				MTL_ENABLE_DEBUG_INFO = NO;
				MTL_FAST_MATH = YES;
				SDKROOT = iphoneos;
				SWIFT_COMPILATION_MODE = wholemodule;
				VALIDATE_PRODUCT = YES;
			};
			name = Release;
		};
		ECD6BD6E2B909F7200B3A22C /* Debug */ = {
			isa = XCBuildConfiguration;
			buildSettings = {
				ASSETCATALOG_COMPILER_APPICON_NAME = AppIcon;
				ASSETCATALOG_COMPILER_GLOBAL_ACCENT_COLOR_NAME = AccentColor;
				CODE_SIGN_STYLE = Automatic;
				CURRENT_PROJECT_VERSION = 1;
				DEVELOPMENT_TEAM = P6SZCP3WT8;
				GENERATE_INFOPLIST_FILE = YES;
				INFOPLIST_FILE = Counter/Info.plist;
				INFOPLIST_KEY_UIApplicationSupportsIndirectInputEvents = YES;
				INFOPLIST_KEY_UILaunchStoryboardName = LaunchScreen;
				INFOPLIST_KEY_UIMainStoryboardFile = Main;
				INFOPLIST_KEY_UISupportedInterfaceOrientations_iPad = "UIInterfaceOrientationPortrait UIInterfaceOrientationPortraitUpsideDown UIInterfaceOrientationLandscapeLeft UIInterfaceOrientationLandscapeRight";
				INFOPLIST_KEY_UISupportedInterfaceOrientations_iPhone = "UIInterfaceOrientationPortrait UIInterfaceOrientationLandscapeLeft UIInterfaceOrientationLandscapeRight";
				LD_RUNPATH_SEARCH_PATHS = (
					"$(inherited)",
					"@executable_path/Frameworks",
				);
				MARKETING_VERSION = 1.0;
				PRODUCT_BUNDLE_IDENTIFIER = vladlug.Counter;
				PRODUCT_NAME = "$(TARGET_NAME)";
				SWIFT_EMIT_LOC_STRINGS = YES;
				SWIFT_VERSION = 5.0;
				TARGETED_DEVICE_FAMILY = "1,2";
			};
			name = Debug;
		};
		ECD6BD6F2B909F7200B3A22C /* Release */ = {
			isa = XCBuildConfiguration;
			buildSettings = {
				ASSETCATALOG_COMPILER_APPICON_NAME = AppIcon;
				ASSETCATALOG_COMPILER_GLOBAL_ACCENT_COLOR_NAME = AccentColor;
				CODE_SIGN_STYLE = Automatic;
				CURRENT_PROJECT_VERSION = 1;
				DEVELOPMENT_TEAM = P6SZCP3WT8;
				GENERATE_INFOPLIST_FILE = YES;
				INFOPLIST_FILE = Counter/Info.plist;
				INFOPLIST_KEY_UIApplicationSupportsIndirectInputEvents = YES;
				INFOPLIST_KEY_UILaunchStoryboardName = LaunchScreen;
				INFOPLIST_KEY_UIMainStoryboardFile = Main;
				INFOPLIST_KEY_UISupportedInterfaceOrientations_iPad = "UIInterfaceOrientationPortrait UIInterfaceOrientationPortraitUpsideDown UIInterfaceOrientationLandscapeLeft UIInterfaceOrientationLandscapeRight";
				INFOPLIST_KEY_UISupportedInterfaceOrientations_iPhone = "UIInterfaceOrientationPortrait UIInterfaceOrientationLandscapeLeft UIInterfaceOrientationLandscapeRight";
				LD_RUNPATH_SEARCH_PATHS = (
					"$(inherited)",
					"@executable_path/Frameworks",
				);
				MARKETING_VERSION = 1.0;
				PRODUCT_BUNDLE_IDENTIFIER = vladlug.Counter;
				PRODUCT_NAME = "$(TARGET_NAME)";
				SWIFT_EMIT_LOC_STRINGS = YES;
				SWIFT_VERSION = 5.0;
				TARGETED_DEVICE_FAMILY = "1,2";
			};
			name = Release;
		};
		ECD6BD712B909F7200B3A22C /* Debug */ = {
			isa = XCBuildConfiguration;
			buildSettings = {
				ALWAYS_EMBED_SWIFT_STANDARD_LIBRARIES = YES;
				BUNDLE_LOADER = "$(TEST_HOST)";
				CODE_SIGN_STYLE = Automatic;
				CURRENT_PROJECT_VERSION = 1;
				DEVELOPMENT_TEAM = P6SZCP3WT8;
				GENERATE_INFOPLIST_FILE = YES;
				IPHONEOS_DEPLOYMENT_TARGET = 17.0;
				MARKETING_VERSION = 1.0;
				PRODUCT_BUNDLE_IDENTIFIER = vladlug.CounterTests;
				PRODUCT_NAME = "$(TARGET_NAME)";
				SWIFT_EMIT_LOC_STRINGS = NO;
				SWIFT_VERSION = 5.0;
				TARGETED_DEVICE_FAMILY = "1,2";
				TEST_HOST = "$(BUILT_PRODUCTS_DIR)/Counter.app/$(BUNDLE_EXECUTABLE_FOLDER_PATH)/Counter";
			};
			name = Debug;
		};
		ECD6BD722B909F7200B3A22C /* Release */ = {
			isa = XCBuildConfiguration;
			buildSettings = {
				ALWAYS_EMBED_SWIFT_STANDARD_LIBRARIES = YES;
				BUNDLE_LOADER = "$(TEST_HOST)";
				CODE_SIGN_STYLE = Automatic;
				CURRENT_PROJECT_VERSION = 1;
				DEVELOPMENT_TEAM = P6SZCP3WT8;
				GENERATE_INFOPLIST_FILE = YES;
				IPHONEOS_DEPLOYMENT_TARGET = 17.0;
				MARKETING_VERSION = 1.0;
				PRODUCT_BUNDLE_IDENTIFIER = vladlug.CounterTests;
				PRODUCT_NAME = "$(TARGET_NAME)";
				SWIFT_EMIT_LOC_STRINGS = NO;
				SWIFT_VERSION = 5.0;
				TARGETED_DEVICE_FAMILY = "1,2";
				TEST_HOST = "$(BUILT_PRODUCTS_DIR)/Counter.app/$(BUNDLE_EXECUTABLE_FOLDER_PATH)/Counter";
			};
			name = Release;
		};
		ECD6BD742B909F7200B3A22C /* Debug */ = {
			isa = XCBuildConfiguration;
			buildSettings = {
				ALWAYS_EMBED_SWIFT_STANDARD_LIBRARIES = YES;
				CODE_SIGN_STYLE = Automatic;
				CURRENT_PROJECT_VERSION = 1;
				DEVELOPMENT_TEAM = P6SZCP3WT8;
				GENERATE_INFOPLIST_FILE = YES;
				MARKETING_VERSION = 1.0;
				PRODUCT_BUNDLE_IDENTIFIER = vladlug.CounterUITests;
				PRODUCT_NAME = "$(TARGET_NAME)";
				SWIFT_EMIT_LOC_STRINGS = NO;
				SWIFT_VERSION = 5.0;
				TARGETED_DEVICE_FAMILY = "1,2";
				TEST_TARGET_NAME = Counter;
			};
			name = Debug;
		};
		ECD6BD752B909F7200B3A22C /* Release */ = {
			isa = XCBuildConfiguration;
			buildSettings = {
				ALWAYS_EMBED_SWIFT_STANDARD_LIBRARIES = YES;
				CODE_SIGN_STYLE = Automatic;
				CURRENT_PROJECT_VERSION = 1;
				DEVELOPMENT_TEAM = P6SZCP3WT8;
				GENERATE_INFOPLIST_FILE = YES;
				MARKETING_VERSION = 1.0;
				PRODUCT_BUNDLE_IDENTIFIER = vladlug.CounterUITests;
				PRODUCT_NAME = "$(TARGET_NAME)";
				SWIFT_EMIT_LOC_STRINGS = NO;
				SWIFT_VERSION = 5.0;
				TARGETED_DEVICE_FAMILY = "1,2";
				TEST_TARGET_NAME = Counter;
			};
			name = Release;
		};
/* End XCBuildConfiguration section */

/* Begin XCConfigurationList section */
		ECD6BD3E2B909F7000B3A22C /* Build configuration list for PBXProject "Counter" */ = {
			isa = XCConfigurationList;
			buildConfigurations = (
				ECD6BD6B2B909F7200B3A22C /* Debug */,
				ECD6BD6C2B909F7200B3A22C /* Release */,
			);
			defaultConfigurationIsVisible = 0;
			defaultConfigurationName = Release;
		};
		ECD6BD6D2B909F7200B3A22C /* Build configuration list for PBXNativeTarget "Counter" */ = {
			isa = XCConfigurationList;
			buildConfigurations = (
				ECD6BD6E2B909F7200B3A22C /* Debug */,
				ECD6BD6F2B909F7200B3A22C /* Release */,
			);
			defaultConfigurationIsVisible = 0;
			defaultConfigurationName = Release;
		};
		ECD6BD702B909F7200B3A22C /* Build configuration list for PBXNativeTarget "CounterTests" */ = {
			isa = XCConfigurationList;
			buildConfigurations = (
				ECD6BD712B909F7200B3A22C /* Debug */,
				ECD6BD722B909F7200B3A22C /* Release */,
			);
			defaultConfigurationIsVisible = 0;
			defaultConfigurationName = Release;
		};
		ECD6BD732B909F7200B3A22C /* Build configuration list for PBXNativeTarget "CounterUITests" */ = {
			isa = XCConfigurationList;
			buildConfigurations = (
				ECD6BD742B909F7200B3A22C /* Debug */,
				ECD6BD752B909F7200B3A22C /* Release */,
			);
			defaultConfigurationIsVisible = 0;
			defaultConfigurationName = Release;
		};
/* End XCConfigurationList section */
	};
	rootObject = ECD6BD3B2B909F7000B3A22C /* Project object */;
}
